dependencies:
- name: common
  repository: https://charts.bitnami.com/bitnami
  version: 1.13.1
- name: postgresql
  repository: https://charts.bitnami.com/bitnami
  version: 11.5.0
digest: sha256:14c5e4463590903714327913f099872d7a191c6aa88700b4edea7ad3714e259b
generated: "2022-05-27T20:12:19.26223506Z"
